
Microsoft Visual Studio Solution File, Format Version 12.00
# Visual Studio 15
VisualStudioVersion = 15.0.28010.2046
MinimumVisualStudioVersion = 10.0.40219.1
Project("{FAE04EC0-301F-11D3-BF4B-00C04F79EFBC}") = "EventsApp", "EventsApp\EventsApp.csproj", "{312E072E-85F9-45B5-AD70-71379B64AA28}"
EndProject
Global
	GlobalSection(SolutionConfigurationPlatforms) = preSolution
		Debug|Any CPU = Debug|Any CPU
		Release|Any CPU = Release|Any CPU
	EndGlobalSection
	GlobalSection(ProjectConfigurationPlatforms) = postSolution
		{312E072E-85F9-45B5-AD70-71379B64AA28}.Debug|Any CPU.ActiveCfg = Debug|Any CPU
		{312E072E-85F9-45B5-AD70-71379B64AA28}.Debug|Any CPU.Build.0 = Debug|Any CPU
		{312E072E-85F9-45B5-AD70-71379B64AA28}.Release|Any CPU.ActiveCfg = Release|Any CPU
		{312E072E-85F9-45B5-AD70-71379B64AA28}.Release|Any CPU.Build.0 = Release|Any CPU
	EndGlobalSection
	GlobalSection(SolutionProperties) = preSolution
		HideSolutionNode = FALSE
	EndGlobalSection
	GlobalSection(ExtensibilityGlobals) = postSolution
		SolutionGuid = {D130284C-DA3A-463B-B39D-26C4FA92D90B}
	EndGlobalSection
EndGlobal
